// !$*UTF8*$!
{
	archiveVersion = 1;
	classes = {
	};
	objectVersion = 46;
	objects = {

/* Begin PBXBuildFile section */
		0B60F6691E111C2800FDA393 /* BookData.swift in Sources */ = {isa = PBXBuildFile; fileRef = 0B60F6681E111C2800FDA393 /* BookData.swift */; };
		0B60F6C31E139A3100FDA393 /* BookListTableView.swift in Sources */ = {isa = PBXBuildFile; fileRef = 0B60F6BD1E139A3000FDA393 /* BookListTableView.swift */; };
		0B60F6C41E139A3100FDA393 /* BookCell.swift in Sources */ = {isa = PBXBuildFile; fileRef = 0B60F6BE1E139A3000FDA393 /* BookCell.swift */; };
		0B60F6C51E139A3100FDA393 /* BookSlider.swift in Sources */ = {isa = PBXBuildFile; fileRef = 0B60F6BF1E139A3000FDA393 /* BookSlider.swift */; };
		0B60F6C61E139A3100FDA393 /* BookListViewController.swift in Sources */ = {isa = PBXBuildFile; fileRef = 0B60F6C01E139A3000FDA393 /* BookListViewController.swift */; };
		0B60F6C81E139A3100FDA393 /* BookAddAlertView.swift in Sources */ = {isa = PBXBuildFile; fileRef = 0B60F6C21E139A3000FDA393 /* BookAddAlertView.swift */; };
		0B7C26441E1F2F530056A2F5 /* BookSearchViewController.swift in Sources */ = {isa = PBXBuildFile; fileRef = 0B7C26431E1F2F530056A2F5 /* BookSearchViewController.swift */; };
		0B7C26461E1F31C10056A2F5 /* BookSearchTableView.swift in Sources */ = {isa = PBXBuildFile; fileRef = 0B7C26451E1F31C10056A2F5 /* BookSearchTableView.swift */; };
		0B7C264E1E1F8F9F0056A2F5 /* BookSearchCell.swift in Sources */ = {isa = PBXBuildFile; fileRef = 0B7C264D1E1F8F9F0056A2F5 /* BookSearchCell.swift */; };
		0BB6AAEB1E1E2F2800B064CB /* ArrowSlider.swift in Sources */ = {isa = PBXBuildFile; fileRef = 0BB6AAEA1E1E2F2800B064CB /* ArrowSlider.swift */; };
		0BF6AB161DFFD47C00B72C99 /* AppDelegate.swift in Sources */ = {isa = PBXBuildFile; fileRef = 0BF6AB151DFFD47C00B72C99 /* AppDelegate.swift */; };
		0BF6AB1D1DFFD47C00B72C99 /* Assets.xcassets in Resources */ = {isa = PBXBuildFile; fileRef = 0BF6AB1C1DFFD47C00B72C99 /* Assets.xcassets */; };
		0BF6AB201DFFD47C00B72C99 /* LaunchScreen.storyboard in Resources */ = {isa = PBXBuildFile; fileRef = 0BF6AB1E1DFFD47C00B72C99 /* LaunchScreen.storyboard */; };
		0BF6AB2B1DFFD47C00B72C99 /* bookmarkTests.swift in Sources */ = {isa = PBXBuildFile; fileRef = 0BF6AB2A1DFFD47C00B72C99 /* bookmarkTests.swift */; };
		8CF417632DFDB9FB69BEAB3A /* Pods_bookmarkTests.framework in Frameworks */ = {isa = PBXBuildFile; fileRef = 95B8921AEEE3C610574BEDBD /* Pods_bookmarkTests.framework */; };
		A24AEB161E62FCF445A7DE32 /* Pods_bookmark.framework in Frameworks */ = {isa = PBXBuildFile; fileRef = 2284B64C52341F0B8A05A82D /* Pods_bookmark.framework */; };
/* End PBXBuildFile section */

/* Begin PBXContainerItemProxy section */
		0BF6AB271DFFD47C00B72C99 /* PBXContainerItemProxy */ = {
			isa = PBXContainerItemProxy;
			containerPortal = 0BF6AB0A1DFFD47C00B72C99 /* Project object */;
			proxyType = 1;
			remoteGlobalIDString = 0BF6AB111DFFD47C00B72C99;
			remoteInfo = bookmark;
		};
/* End PBXContainerItemProxy section */

/* Begin PBXFileReference section */
		081E0D320AB5F386BE0B9153 /* Pods-bookmark.release.xcconfig */ = {isa = PBXFileReference; includeInIndex = 1; lastKnownFileType = text.xcconfig; name = "Pods-bookmark.release.xcconfig"; path = "Pods/Target Support Files/Pods-bookmark/Pods-bookmark.release.xcconfig"; sourceTree = "<group>"; };
		0B60F6681E111C2800FDA393 /* BookData.swift */ = {isa = PBXFileReference; fileEncoding = 4; lastKnownFileType = sourcecode.swift; name = BookData.swift; path = bookmark/data/BookData.swift; sourceTree = "<group>"; };
		0B60F6BD1E139A3000FDA393 /* BookListTableView.swift */ = {isa = PBXFileReference; fileEncoding = 4; lastKnownFileType = sourcecode.swift; name = BookListTableView.swift; path = BookListViewController/BookListTableView.swift; sourceTree = "<group>"; };
		0B60F6BE1E139A3000FDA393 /* BookCell.swift */ = {isa = PBXFileReference; fileEncoding = 4; lastKnownFileType = sourcecode.swift; name = BookCell.swift; path = BookListViewController/BookCell.swift; sourceTree = "<group>"; };
		0B60F6BF1E139A3000FDA393 /* BookSlider.swift */ = {isa = PBXFileReference; fileEncoding = 4; lastKnownFileType = sourcecode.swift; name = BookSlider.swift; path = BookListViewController/BookSlider.swift; sourceTree = "<group>"; };
		0B60F6C01E139A3000FDA393 /* BookListViewController.swift */ = {isa = PBXFileReference; fileEncoding = 4; lastKnownFileType = sourcecode.swift; name = BookListViewController.swift; path = BookListViewController/BookListViewController.swift; sourceTree = "<group>"; };
		0B60F6C21E139A3000FDA393 /* BookAddAlertView.swift */ = {isa = PBXFileReference; fileEncoding = 4; lastKnownFileType = sourcecode.swift; name = BookAddAlertView.swift; path = BookListViewController/BookAddAlertView.swift; sourceTree = "<group>"; };
		0B7C26431E1F2F530056A2F5 /* BookSearchViewController.swift */ = {isa = PBXFileReference; fileEncoding = 4; lastKnownFileType = sourcecode.swift; name = BookSearchViewController.swift; path = BookSearchViewController/BookSearchViewController.swift; sourceTree = "<group>"; };
		0B7C26451E1F31C10056A2F5 /* BookSearchTableView.swift */ = {isa = PBXFileReference; fileEncoding = 4; lastKnownFileType = sourcecode.swift; name = BookSearchTableView.swift; path = BookSearchViewController/BookSearchTableView.swift; sourceTree = "<group>"; };
		0B7C264D1E1F8F9F0056A2F5 /* BookSearchCell.swift */ = {isa = PBXFileReference; fileEncoding = 4; lastKnownFileType = sourcecode.swift; name = BookSearchCell.swift; path = BookSearchViewController/BookSearchCell.swift; sourceTree = "<group>"; };
		0BB6AAEA1E1E2F2800B064CB /* ArrowSlider.swift */ = {isa = PBXFileReference; fileEncoding = 4; lastKnownFileType = sourcecode.swift; name = ArrowSlider.swift; path = third_party/ArrowSlider/ArrowSliderDemo/ArrowSliderDemo/ArrowSlider.swift; sourceTree = SOURCE_ROOT; };
		0BF6AB121DFFD47C00B72C99 /* bookmark.app */ = {isa = PBXFileReference; explicitFileType = wrapper.application; includeInIndex = 0; path = bookmark.app; sourceTree = BUILT_PRODUCTS_DIR; };
		0BF6AB151DFFD47C00B72C99 /* AppDelegate.swift */ = {isa = PBXFileReference; lastKnownFileType = sourcecode.swift; path = AppDelegate.swift; sourceTree = "<group>"; };
		0BF6AB1C1DFFD47C00B72C99 /* Assets.xcassets */ = {isa = PBXFileReference; lastKnownFileType = folder.assetcatalog; path = Assets.xcassets; sourceTree = "<group>"; };
		0BF6AB1F1DFFD47C00B72C99 /* Base */ = {isa = PBXFileReference; lastKnownFileType = file.storyboard; name = Base; path = Base.lproj/LaunchScreen.storyboard; sourceTree = "<group>"; };
		0BF6AB211DFFD47C00B72C99 /* Info.plist */ = {isa = PBXFileReference; lastKnownFileType = text.plist.xml; path = Info.plist; sourceTree = "<group>"; };
		0BF6AB261DFFD47C00B72C99 /* bookmarkTests.xctest */ = {isa = PBXFileReference; explicitFileType = wrapper.cfbundle; includeInIndex = 0; path = bookmarkTests.xctest; sourceTree = BUILT_PRODUCTS_DIR; };
		0BF6AB2A1DFFD47C00B72C99 /* bookmarkTests.swift */ = {isa = PBXFileReference; lastKnownFileType = sourcecode.swift; path = bookmarkTests.swift; sourceTree = "<group>"; };
		0BF6AB2C1DFFD47C00B72C99 /* Info.plist */ = {isa = PBXFileReference; lastKnownFileType = text.plist.xml; path = Info.plist; sourceTree = "<group>"; };
		2284B64C52341F0B8A05A82D /* Pods_bookmark.framework */ = {isa = PBXFileReference; explicitFileType = wrapper.framework; includeInIndex = 0; path = Pods_bookmark.framework; sourceTree = BUILT_PRODUCTS_DIR; };
		68EFF4CB35A05215C7321315 /* Pods-bookmarkTests.release.xcconfig */ = {isa = PBXFileReference; includeInIndex = 1; lastKnownFileType = text.xcconfig; name = "Pods-bookmarkTests.release.xcconfig"; path = "Pods/Target Support Files/Pods-bookmarkTests/Pods-bookmarkTests.release.xcconfig"; sourceTree = "<group>"; };
		73117A30AA8BFAFF92233EC8 /* Pods-bookmark.debug.xcconfig */ = {isa = PBXFileReference; includeInIndex = 1; lastKnownFileType = text.xcconfig; name = "Pods-bookmark.debug.xcconfig"; path = "Pods/Target Support Files/Pods-bookmark/Pods-bookmark.debug.xcconfig"; sourceTree = "<group>"; };
		95B8921AEEE3C610574BEDBD /* Pods_bookmarkTests.framework */ = {isa = PBXFileReference; explicitFileType = wrapper.framework; includeInIndex = 0; path = Pods_bookmarkTests.framework; sourceTree = BUILT_PRODUCTS_DIR; };
		EB3D22468C03DF17FA11E216 /* Pods-bookmarkTests.debug.xcconfig */ = {isa = PBXFileReference; includeInIndex = 1; lastKnownFileType = text.xcconfig; name = "Pods-bookmarkTests.debug.xcconfig"; path = "Pods/Target Support Files/Pods-bookmarkTests/Pods-bookmarkTests.debug.xcconfig"; sourceTree = "<group>"; };
/* End PBXFileReference section */

/* Begin PBXFrameworksBuildPhase section */
		0BF6AB0F1DFFD47C00B72C99 /* Frameworks */ = {
			isa = PBXFrameworksBuildPhase;
			buildActionMask = 2147483647;
			files = (
				A24AEB161E62FCF445A7DE32 /* Pods_bookmark.framework in Frameworks */,
			);
			runOnlyForDeploymentPostprocessing = 0;
		};
		0BF6AB231DFFD47C00B72C99 /* Frameworks */ = {
			isa = PBXFrameworksBuildPhase;
			buildActionMask = 2147483647;
			files = (
				8CF417632DFDB9FB69BEAB3A /* Pods_bookmarkTests.framework in Frameworks */,
			);
			runOnlyForDeploymentPostprocessing = 0;
		};
/* End PBXFrameworksBuildPhase section */

/* Begin PBXGroup section */
		0B60F6671E111C0900FDA393 /* data */ = {
			isa = PBXGroup;
			children = (
				0B60F6681E111C2800FDA393 /* BookData.swift */,
			);
			name = data;
			sourceTree = "<group>";
		};
		0B60F6BC1E1399F500FDA393 /* BookListViewController */ = {
			isa = PBXGroup;
			children = (
				0B60F6BD1E139A3000FDA393 /* BookListTableView.swift */,
				0B60F6BE1E139A3000FDA393 /* BookCell.swift */,
				0B60F6BF1E139A3000FDA393 /* BookSlider.swift */,
				0B60F6C01E139A3000FDA393 /* BookListViewController.swift */,
				0B60F6C21E139A3000FDA393 /* BookAddAlertView.swift */,
			);
			name = BookListViewController;
			sourceTree = "<group>";
		};
		0B7C26421E1F2F340056A2F5 /* BookSearchViewController */ = {
			isa = PBXGroup;
			children = (
				0B7C26431E1F2F530056A2F5 /* BookSearchViewController.swift */,
				0B7C26451E1F31C10056A2F5 /* BookSearchTableView.swift */,
				0B7C264D1E1F8F9F0056A2F5 /* BookSearchCell.swift */,
			);
			name = BookSearchViewController;
			sourceTree = "<group>";
		};
		0BB6AAE31E1E2EF800B064CB /* third_party */ = {
			isa = PBXGroup;
			children = (
				0BB6AAEA1E1E2F2800B064CB /* ArrowSlider.swift */,
			);
			name = third_party;
			sourceTree = "<group>";
		};
		0BF6AB091DFFD47C00B72C99 = {
			isa = PBXGroup;
			children = (
				0B60F6671E111C0900FDA393 /* data */,
				0BF6AB141DFFD47C00B72C99 /* bookmark */,
				0BF6AB291DFFD47C00B72C99 /* bookmarkTests */,
				0BF6AB131DFFD47C00B72C99 /* Products */,
				7ED1709F8CE9A1C5DEB9CF34 /* Pods */,
				F882580F9F46E9AA3616EFA6 /* Frameworks */,
			);
			sourceTree = "<group>";
		};
		0BF6AB131DFFD47C00B72C99 /* Products */ = {
			isa = PBXGroup;
			children = (
				0BF6AB121DFFD47C00B72C99 /* bookmark.app */,
				0BF6AB261DFFD47C00B72C99 /* bookmarkTests.xctest */,
			);
			name = Products;
			sourceTree = "<group>";
		};
		0BF6AB141DFFD47C00B72C99 /* bookmark */ = {
			isa = PBXGroup;
			children = (
				0BB6AAE31E1E2EF800B064CB /* third_party */,
				0BF6AB151DFFD47C00B72C99 /* AppDelegate.swift */,
				0B60F6BC1E1399F500FDA393 /* BookListViewController */,
				0B7C26421E1F2F340056A2F5 /* BookSearchViewController */,
				0BF6AB1C1DFFD47C00B72C99 /* Assets.xcassets */,
				0BF6AB1E1DFFD47C00B72C99 /* LaunchScreen.storyboard */,
				0BF6AB211DFFD47C00B72C99 /* Info.plist */,
			);
			path = bookmark;
			sourceTree = "<group>";
		};
		0BF6AB291DFFD47C00B72C99 /* bookmarkTests */ = {
			isa = PBXGroup;
			children = (
				0BF6AB2A1DFFD47C00B72C99 /* bookmarkTests.swift */,
				0BF6AB2C1DFFD47C00B72C99 /* Info.plist */,
			);
			path = bookmarkTests;
			sourceTree = "<group>";
		};
		7ED1709F8CE9A1C5DEB9CF34 /* Pods */ = {
			isa = PBXGroup;
			children = (
				73117A30AA8BFAFF92233EC8 /* Pods-bookmark.debug.xcconfig */,
				081E0D320AB5F386BE0B9153 /* Pods-bookmark.release.xcconfig */,
				EB3D22468C03DF17FA11E216 /* Pods-bookmarkTests.debug.xcconfig */,
				68EFF4CB35A05215C7321315 /* Pods-bookmarkTests.release.xcconfig */,
			);
			name = Pods;
			sourceTree = "<group>";
		};
		F882580F9F46E9AA3616EFA6 /* Frameworks */ = {
			isa = PBXGroup;
			children = (
				2284B64C52341F0B8A05A82D /* Pods_bookmark.framework */,
				95B8921AEEE3C610574BEDBD /* Pods_bookmarkTests.framework */,
			);
			name = Frameworks;
			sourceTree = "<group>";
		};
/* End PBXGroup section */

/* Begin PBXNativeTarget section */
		0BF6AB111DFFD47C00B72C99 /* bookmark */ = {
			isa = PBXNativeTarget;
			buildConfigurationList = 0BF6AB2F1DFFD47C00B72C99 /* Build configuration list for PBXNativeTarget "bookmark" */;
			buildPhases = (
				8409DF1F3955D46580CE3B94 /* [CP] Check Pods Manifest.lock */,
				0BF6AB0E1DFFD47C00B72C99 /* Sources */,
				0BF6AB0F1DFFD47C00B72C99 /* Frameworks */,
				0BF6AB101DFFD47C00B72C99 /* Resources */,
				FD5E5779A856513386CBCFEE /* [CP] Embed Pods Frameworks */,
				C2E640497CF16888408B6977 /* [CP] Copy Pods Resources */,
			);
			buildRules = (
			);
			dependencies = (
			);
			name = bookmark;
			productName = bookmark;
			productReference = 0BF6AB121DFFD47C00B72C99 /* bookmark.app */;
			productType = "com.apple.product-type.application";
		};
		0BF6AB251DFFD47C00B72C99 /* bookmarkTests */ = {
			isa = PBXNativeTarget;
			buildConfigurationList = 0BF6AB321DFFD47C00B72C99 /* Build configuration list for PBXNativeTarget "bookmarkTests" */;
			buildPhases = (
				9C473E358231109609E34E27 /* [CP] Check Pods Manifest.lock */,
				0BF6AB221DFFD47C00B72C99 /* Sources */,
				0BF6AB231DFFD47C00B72C99 /* Frameworks */,
				0BF6AB241DFFD47C00B72C99 /* Resources */,
				A46FF30EACEDF09D9DF2ACE6 /* [CP] Embed Pods Frameworks */,
				9E089B787F3246DCE852BFE0 /* [CP] Copy Pods Resources */,
			);
			buildRules = (
			);
			dependencies = (
				0BF6AB281DFFD47C00B72C99 /* PBXTargetDependency */,
			);
			name = bookmarkTests;
			productName = bookmarkTests;
			productReference = 0BF6AB261DFFD47C00B72C99 /* bookmarkTests.xctest */;
			productType = "com.apple.product-type.bundle.unit-test";
		};
/* End PBXNativeTarget section */

/* Begin PBXProject section */
		0BF6AB0A1DFFD47C00B72C99 /* Project object */ = {
			isa = PBXProject;
			attributes = {
				LastSwiftUpdateCheck = 0800;
				LastUpgradeCheck = 0800;
				ORGANIZATIONNAME = niuniu;
				TargetAttributes = {
					0BF6AB111DFFD47C00B72C99 = {
						CreatedOnToolsVersion = 8.0;
						DevelopmentTeam = 327979M4M2;
						LastSwiftMigration = 0820;
						ProvisioningStyle = Automatic;
					};
					0BF6AB251DFFD47C00B72C99 = {
						CreatedOnToolsVersion = 8.0;
						LastSwiftMigration = 0820;
						ProvisioningStyle = Automatic;
						TestTargetID = 0BF6AB111DFFD47C00B72C99;
					};
				};
			};
			buildConfigurationList = 0BF6AB0D1DFFD47C00B72C99 /* Build configuration list for PBXProject "bookmark" */;
			compatibilityVersion = "Xcode 3.2";
			developmentRegion = English;
			hasScannedForEncodings = 0;
			knownRegions = (
				en,
				Base,
			);
			mainGroup = 0BF6AB091DFFD47C00B72C99;
			productRefGroup = 0BF6AB131DFFD47C00B72C99 /* Products */;
			projectDirPath = "";
			projectRoot = "";
			targets = (
				0BF6AB111DFFD47C00B72C99 /* bookmark */,
				0BF6AB251DFFD47C00B72C99 /* bookmarkTests */,
			);
		};
/* End PBXProject section */

/* Begin PBXResourcesBuildPhase section */
		0BF6AB101DFFD47C00B72C99 /* Resources */ = {
			isa = PBXResourcesBuildPhase;
			buildActionMask = 2147483647;
			files = (
				0BF6AB201DFFD47C00B72C99 /* LaunchScreen.storyboard in Resources */,
				0BF6AB1D1DFFD47C00B72C99 /* Assets.xcassets in Resources */,
			);
			runOnlyForDeploymentPostprocessing = 0;
		};
		0BF6AB241DFFD47C00B72C99 /* Resources */ = {
			isa = PBXResourcesBuildPhase;
			buildActionMask = 2147483647;
			files = (
			);
			runOnlyForDeploymentPostprocessing = 0;
		};
/* End PBXResourcesBuildPhase section */

/* Begin PBXShellScriptBuildPhase section */
		8409DF1F3955D46580CE3B94 /* [CP] Check Pods Manifest.lock */ = {
			isa = PBXShellScriptBuildPhase;
			buildActionMask = 2147483647;
			files = (
			);
			inputPaths = (
			);
			name = "[CP] Check Pods Manifest.lock";
			outputPaths = (
			);
			runOnlyForDeploymentPostprocessing = 0;
			shellPath = /bin/sh;
			shellScript = "diff \"${PODS_ROOT}/../Podfile.lock\" \"${PODS_ROOT}/Manifest.lock\" > /dev/null\nif [ $? != 0 ] ; then\n    # print error to STDERR\n    echo \"error: The sandbox is not in sync with the Podfile.lock. Run 'pod install' or update your CocoaPods installation.\" >&2\n    exit 1\nfi\n";
			showEnvVarsInLog = 0;
		};
		9C473E358231109609E34E27 /* [CP] Check Pods Manifest.lock */ = {
			isa = PBXShellScriptBuildPhase;
			buildActionMask = 2147483647;
			files = (
			);
			inputPaths = (
			);
			name = "[CP] Check Pods Manifest.lock";
			outputPaths = (
			);
			runOnlyForDeploymentPostprocessing = 0;
			shellPath = /bin/sh;
			shellScript = "diff \"${PODS_ROOT}/../Podfile.lock\" \"${PODS_ROOT}/Manifest.lock\" > /dev/null\nif [ $? != 0 ] ; then\n    # print error to STDERR\n    echo \"error: The sandbox is not in sync with the Podfile.lock. Run 'pod install' or update your CocoaPods installation.\" >&2\n    exit 1\nfi\n";
			showEnvVarsInLog = 0;
		};
		9E089B787F3246DCE852BFE0 /* [CP] Copy Pods Resources */ = {
			isa = PBXShellScriptBuildPhase;
			buildActionMask = 2147483647;
			files = (
			);
			inputPaths = (
			);
			name = "[CP] Copy Pods Resources";
			outputPaths = (
			);
			runOnlyForDeploymentPostprocessing = 0;
			shellPath = /bin/sh;
			shellScript = "\"${SRCROOT}/Pods/Target Support Files/Pods-bookmarkTests/Pods-bookmarkTests-resources.sh\"\n";
			showEnvVarsInLog = 0;
		};
		A46FF30EACEDF09D9DF2ACE6 /* [CP] Embed Pods Frameworks */ = {
			isa = PBXShellScriptBuildPhase;
			buildActionMask = 2147483647;
			files = (
			);
			inputPaths = (
			);
			name = "[CP] Embed Pods Frameworks";
			outputPaths = (
			);
			runOnlyForDeploymentPostprocessing = 0;
			shellPath = /bin/sh;
			shellScript = "\"${SRCROOT}/Pods/Target Support Files/Pods-bookmarkTests/Pods-bookmarkTests-frameworks.sh\"\n";
			showEnvVarsInLog = 0;
		};
		C2E640497CF16888408B6977 /* [CP] Copy Pods Resources */ = {
			isa = PBXShellScriptBuildPhase;
			buildActionMask = 2147483647;
			files = (
			);
			inputPaths = (
			);
			name = "[CP] Copy Pods Resources";
			outputPaths = (
			);
			runOnlyForDeploymentPostprocessing = 0;
			shellPath = /bin/sh;
			shellScript = "\"${SRCROOT}/Pods/Target Support Files/Pods-bookmark/Pods-bookmark-resources.sh\"\n";
			showEnvVarsInLog = 0;
		};
		FD5E5779A856513386CBCFEE /* [CP] Embed Pods Frameworks */ = {
			isa = PBXShellScriptBuildPhase;
			buildActionMask = 2147483647;
			files = (
			);
			inputPaths = (
			);
			name = "[CP] Embed Pods Frameworks";
			outputPaths = (
			);
			runOnlyForDeploymentPostprocessing = 0;
			shellPath = /bin/sh;
			shellScript = "\"${SRCROOT}/Pods/Target Support Files/Pods-bookmark/Pods-bookmark-frameworks.sh\"\n";
			showEnvVarsInLog = 0;
		};
/* End PBXShellScriptBuildPhase section */

/* Begin PBXSourcesBuildPhase section */
		0BF6AB0E1DFFD47C00B72C99 /* Sources */ = {
			isa = PBXSourcesBuildPhase;
			buildActionMask = 2147483647;
			files = (
				0B7C26461E1F31C10056A2F5 /* BookSearchTableView.swift in Sources */,
				0B60F6C81E139A3100FDA393 /* BookAddAlertView.swift in Sources */,
				0B7C26441E1F2F530056A2F5 /* BookSearchViewController.swift in Sources */,
				0B60F6C41E139A3100FDA393 /* BookCell.swift in Sources */,
				0BB6AAEB1E1E2F2800B064CB /* ArrowSlider.swift in Sources */,
				0B60F6C31E139A3100FDA393 /* BookListTableView.swift in Sources */,
				0B7C264E1E1F8F9F0056A2F5 /* BookSearchCell.swift in Sources */,
				0B60F6691E111C2800FDA393 /* BookData.swift in Sources */,
				0B60F6C51E139A3100FDA393 /* BookSlider.swift in Sources */,
				0BF6AB161DFFD47C00B72C99 /* AppDelegate.swift in Sources */,
				0B60F6C61E139A3100FDA393 /* BookListViewController.swift in Sources */,
			);
			runOnlyForDeploymentPostprocessing = 0;
		};
		0BF6AB221DFFD47C00B72C99 /* Sources */ = {
			isa = PBXSourcesBuildPhase;
			buildActionMask = 2147483647;
			files = (
				0BF6AB2B1DFFD47C00B72C99 /* bookmarkTests.swift in Sources */,
			);
			runOnlyForDeploymentPostprocessing = 0;
		};
/* End PBXSourcesBuildPhase section */

/* Begin PBXTargetDependency section */
		0BF6AB281DFFD47C00B72C99 /* PBXTargetDependency */ = {
			isa = PBXTargetDependency;
			target = 0BF6AB111DFFD47C00B72C99 /* bookmark */;
			targetProxy = 0BF6AB271DFFD47C00B72C99 /* PBXContainerItemProxy */;
		};
/* End PBXTargetDependency section */

/* Begin PBXVariantGroup section */
		0BF6AB1E1DFFD47C00B72C99 /* LaunchScreen.storyboard */ = {
			isa = PBXVariantGroup;
			children = (
				0BF6AB1F1DFFD47C00B72C99 /* Base */,
			);
			name = LaunchScreen.storyboard;
			sourceTree = "<group>";
		};
/* End PBXVariantGroup section */

/* Begin XCBuildConfiguration section */
		0BF6AB2D1DFFD47C00B72C99 /* Debug */ = {
			isa = XCBuildConfiguration;
			buildSettings = {
				ALWAYS_SEARCH_USER_PATHS = NO;
				CLANG_ANALYZER_NONNULL = YES;
				CLANG_CXX_LANGUAGE_STANDARD = "gnu++0x";
				CLANG_CXX_LIBRARY = "libc++";
				CLANG_ENABLE_MODULES = YES;
				CLANG_ENABLE_OBJC_ARC = YES;
				CLANG_WARN_BOOL_CONVERSION = YES;
				CLANG_WARN_CONSTANT_CONVERSION = YES;
				CLANG_WARN_DIRECT_OBJC_ISA_USAGE = YES_ERROR;
				CLANG_WARN_DOCUMENTATION_COMMENTS = YES;
				CLANG_WARN_EMPTY_BODY = YES;
				CLANG_WARN_ENUM_CONVERSION = YES;
				CLANG_WARN_INFINITE_RECURSION = YES;
				CLANG_WARN_INT_CONVERSION = YES;
				CLANG_WARN_OBJC_ROOT_CLASS = YES_ERROR;
				CLANG_WARN_SUSPICIOUS_MOVES = YES;
				CLANG_WARN_UNREACHABLE_CODE = YES;
				CLANG_WARN__DUPLICATE_METHOD_MATCH = YES;
				"CODE_SIGN_IDENTITY[sdk=iphoneos*]" = "iPhone Developer";
				COPY_PHASE_STRIP = NO;
				DEBUG_INFORMATION_FORMAT = dwarf;
				ENABLE_STRICT_OBJC_MSGSEND = YES;
				ENABLE_TESTABILITY = YES;
				GCC_C_LANGUAGE_STANDARD = gnu99;
				GCC_DYNAMIC_NO_PIC = NO;
				GCC_NO_COMMON_BLOCKS = YES;
				GCC_OPTIMIZATION_LEVEL = 0;
				GCC_PREPROCESSOR_DEFINITIONS = (
					"DEBUG=1",
					"$(inherited)",
				);
				GCC_WARN_64_TO_32_BIT_CONVERSION = YES;
				GCC_WARN_ABOUT_RETURN_TYPE = YES_ERROR;
				GCC_WARN_UNDECLARED_SELECTOR = YES;
				GCC_WARN_UNINITIALIZED_AUTOS = YES_AGGRESSIVE;
				GCC_WARN_UNUSED_FUNCTION = YES;
				GCC_WARN_UNUSED_VARIABLE = YES;
				IPHONEOS_DEPLOYMENT_TARGET = 10.0;
				MTL_ENABLE_DEBUG_INFO = YES;
				ONLY_ACTIVE_ARCH = YES;
				SDKROOT = iphoneos;
				SWIFT_ACTIVE_COMPILATION_CONDITIONS = DEBUG;
				SWIFT_OPTIMIZATION_LEVEL = "-Onone";
			};
			name = Debug;
		};
		0BF6AB2E1DFFD47C00B72C99 /* Release */ = {
			isa = XCBuildConfiguration;
			buildSettings = {
				ALWAYS_SEARCH_USER_PATHS = NO;
				CLANG_ANALYZER_NONNULL = YES;
				CLANG_CXX_LANGUAGE_STANDARD = "gnu++0x";
				CLANG_CXX_LIBRARY = "libc++";
				CLANG_ENABLE_MODULES = YES;
				CLANG_ENABLE_OBJC_ARC = YES;
				CLANG_WARN_BOOL_CONVERSION = YES;
				CLANG_WARN_CONSTANT_CONVERSION = YES;
				CLANG_WARN_DIRECT_OBJC_ISA_USAGE = YES_ERROR;
				CLANG_WARN_DOCUMENTATION_COMMENTS = YES;
				CLANG_WARN_EMPTY_BODY = YES;
				CLANG_WARN_ENUM_CONVERSION = YES;
				CLANG_WARN_INFINITE_RECURSION = YES;
				CLANG_WARN_INT_CONVERSION = YES;
				CLANG_WARN_OBJC_ROOT_CLASS = YES_ERROR;
				CLANG_WARN_SUSPICIOUS_MOVES = YES;
				CLANG_WARN_UNREACHABLE_CODE = YES;
				CLANG_WARN__DUPLICATE_METHOD_MATCH = YES;
				"CODE_SIGN_IDENTITY[sdk=iphoneos*]" = "iPhone Developer";
				COPY_PHASE_STRIP = NO;
				DEBUG_INFORMATION_FORMAT = "dwarf-with-dsym";
				ENABLE_NS_ASSERTIONS = NO;
				ENABLE_STRICT_OBJC_MSGSEND = YES;
				GCC_C_LANGUAGE_STANDARD = gnu99;
				GCC_NO_COMMON_BLOCKS = YES;
				GCC_WARN_64_TO_32_BIT_CONVERSION = YES;
				GCC_WARN_ABOUT_RETURN_TYPE = YES_ERROR;
				GCC_WARN_UNDECLARED_SELECTOR = YES;
				GCC_WARN_UNINITIALIZED_AUTOS = YES_AGGRESSIVE;
				GCC_WARN_UNUSED_FUNCTION = YES;
				GCC_WARN_UNUSED_VARIABLE = YES;
				IPHONEOS_DEPLOYMENT_TARGET = 10.0;
				MTL_ENABLE_DEBUG_INFO = NO;
				SDKROOT = iphoneos;
				SWIFT_OPTIMIZATION_LEVEL = "-Owholemodule";
				VALIDATE_PRODUCT = YES;
			};
			name = Release;
		};
		0BF6AB301DFFD47C00B72C99 /* Debug */ = {
			isa = XCBuildConfiguration;
			baseConfigurationReference = 73117A30AA8BFAFF92233EC8 /* Pods-bookmark.debug.xcconfig */;
			buildSettings = {
				ASSETCATALOG_COMPILER_APPICON_NAME = AppIcon;
				"CODE_SIGN_IDENTITY[sdk=iphoneos*]" = "iPhone Developer";
				DEVELOPMENT_TEAM = 327979M4M2;
				INFOPLIST_FILE = bookmark/Info.plist;
				LD_RUNPATH_SEARCH_PATHS = "$(inherited) @executable_path/Frameworks";
				PRODUCT_BUNDLE_IDENTIFIER = com.niuniu.bookmark;
				PRODUCT_NAME = "$(TARGET_NAME)";
				SWIFT_VERSION = 3.0;
			};
			name = Debug;
		};
		0BF6AB311DFFD47C00B72C99 /* Release */ = {
			isa = XCBuildConfiguration;
			baseConfigurationReference = 081E0D320AB5F386BE0B9153 /* Pods-bookmark.release.xcconfig */;
			buildSettings = {
				ASSETCATALOG_COMPILER_APPICON_NAME = AppIcon;
				"CODE_SIGN_IDENTITY[sdk=iphoneos*]" = "iPhone Developer";
				DEVELOPMENT_TEAM = 327979M4M2;
				INFOPLIST_FILE = bookmark/Info.plist;
				LD_RUNPATH_SEARCH_PATHS = "$(inherited) @executable_path/Frameworks";
				PRODUCT_BUNDLE_IDENTIFIER = com.niuniu.bookmark;
				PRODUCT_NAME = "$(TARGET_NAME)";
				SWIFT_VERSION = 3.0;
			};
			name = Release;
		};
		0BF6AB331DFFD47C00B72C99 /* Debug */ = {
			isa = XCBuildConfiguration;
			baseConfigurationReference = EB3D22468C03DF17FA11E216 /* Pods-bookmarkTests.debug.xcconfig */;
			buildSettings = {
				ALWAYS_EMBED_SWIFT_STANDARD_LIBRARIES = "$(inherited)";
				BUNDLE_LOADER = "$(TEST_HOST)";
				INFOPLIST_FILE = bookmarkTests/Info.plist;
				LD_RUNPATH_SEARCH_PATHS = "$(inherited) @executable_path/Frameworks @loader_path/Frameworks";
				PRODUCT_BUNDLE_IDENTIFIER = com.niuniu.bookmarkTests;
				PRODUCT_NAME = "$(TARGET_NAME)";
				SWIFT_VERSION = 3.0;
				TEST_HOST = "$(BUILT_PRODUCTS_DIR)/bookmark.app/bookmark";
			};
			name = Debug;
		};
		0BF6AB341DFFD47C00B72C99 /* Release */ = {
			isa = XCBuildConfiguration;
			baseConfigurationReference = 68EFF4CB35A05215C7321315 /* Pods-bookmarkTests.release.xcconfig */;
			buildSettings = {
				ALWAYS_EMBED_SWIFT_STANDARD_LIBRARIES = "$(inherited)";
				BUNDLE_LOADER = "$(TEST_HOST)";
				INFOPLIST_FILE = bookmarkTests/Info.plist;
				LD_RUNPATH_SEARCH_PATHS = "$(inherited) @executable_path/Frameworks @loader_path/Frameworks";
				PRODUCT_BUNDLE_IDENTIFIER = com.niuniu.bookmarkTests;
				PRODUCT_NAME = "$(TARGET_NAME)";
				SWIFT_VERSION = 3.0;
				TEST_HOST = "$(BUILT_PRODUCTS_DIR)/bookmark.app/bookmark";
			};
			name = Release;
		};
/* End XCBuildConfiguration section */

/* Begin XCConfigurationList section */
		0BF6AB0D1DFFD47C00B72C99 /* Build configuration list for PBXProject "bookmark" */ = {
			isa = XCConfigurationList;
			buildConfigurations = (
				0BF6AB2D1DFFD47C00B72C99 /* Debug */,
				0BF6AB2E1DFFD47C00B72C99 /* Release */,
			);
			defaultConfigurationIsVisible = 0;
			defaultConfigurationName = Release;
		};
		0BF6AB2F1DFFD47C00B72C99 /* Build configuration list for PBXNativeTarget "bookmark" */ = {
			isa = XCConfigurationList;
			buildConfigurations = (
				0BF6AB301DFFD47C00B72C99 /* Debug */,
				0BF6AB311DFFD47C00B72C99 /* Release */,
			);
			defaultConfigurationIsVisible = 0;
			defaultConfigurationName = Release;
		};
		0BF6AB321DFFD47C00B72C99 /* Build configuration list for PBXNativeTarget "bookmarkTests" */ = {
			isa = XCConfigurationList;
			buildConfigurations = (
				0BF6AB331DFFD47C00B72C99 /* Debug */,
				0BF6AB341DFFD47C00B72C99 /* Release */,
			);
			defaultConfigurationIsVisible = 0;
			defaultConfigurationName = Release;
		};
/* End XCConfigurationList section */
	};
	rootObject = 0BF6AB0A1DFFD47C00B72C99 /* Project object */;
}
